
Microsoft Visual Studio Solution File, Format Version 12.00
Project("{FAE04EC0-301F-11D3-BF4B-00C04F79EFBC}") = "Pneuma.DI", "Pneuma.DI\Pneuma.DI.csproj", "{1531FBAB-CE07-4860-AB95-D702B9171EEE}"
EndProject
Project("{FAE04EC0-301F-11D3-BF4B-00C04F79EFBC}") = "Pneuma.DI.Tests", "Pneuma.DI.Tests\Pneuma.DI.Tests.csproj", "{B6824B2F-C4A4-499A-9293-8FFB2FE7108A}"
EndProject
Global
	GlobalSection(SolutionConfigurationPlatforms) = preSolution
		Debug|Any CPU = Debug|Any CPU
		Release|Any CPU = Release|Any CPU
	EndGlobalSection
	GlobalSection(ProjectConfigurationPlatforms) = postSolution
		{1531FBAB-CE07-4860-AB95-D702B9171EEE}.Debug|Any CPU.ActiveCfg = Debug|Any CPU
		{1531FBAB-CE07-4860-AB95-D702B9171EEE}.Debug|Any CPU.Build.0 = Debug|Any CPU
		{1531FBAB-CE07-4860-AB95-D702B9171EEE}.Release|Any CPU.ActiveCfg = Release|Any CPU
		{1531FBAB-CE07-4860-AB95-D702B9171EEE}.Release|Any CPU.Build.0 = Release|Any CPU
		{B6824B2F-C4A4-499A-9293-8FFB2FE7108A}.Debug|Any CPU.ActiveCfg = Debug|Any CPU
		{B6824B2F-C4A4-499A-9293-8FFB2FE7108A}.Debug|Any CPU.Build.0 = Debug|Any CPU
		{B6824B2F-C4A4-499A-9293-8FFB2FE7108A}.Release|Any CPU.ActiveCfg = Release|Any CPU
		{B6824B2F-C4A4-499A-9293-8FFB2FE7108A}.Release|Any CPU.Build.0 = Release|Any CPU
	EndGlobalSection
EndGlobal
